
Microsoft Visual Studio Solution File, Format Version 12.00
# Visual Studio Version 16
VisualStudioVersion = 16.0.31424.327
MinimumVisualStudioVersion = 10.0.40219.1
Project("{FAE04EC0-301F-11D3-BF4B-00C04F79EFBC}") = "ConsoleApp.MacOs", "ConsoleApp.MacOs\ConsoleApp.MacOs.csproj", "{537038CC-AE63-40C9-AF46-10B5EF2E9AE9}"
EndProject
Global
	GlobalSection(SolutionConfigurationPlatforms) = preSolution
		Debug|Any CPU = Debug|Any CPU
		Release|Any CPU = Release|Any CPU
	EndGlobalSection
	GlobalSection(ProjectConfigurationPlatforms) = postSolution
		{537038CC-AE63-40C9-AF46-10B5EF2E9AE9}.Debug|Any CPU.ActiveCfg = Debug|Any CPU
		{537038CC-AE63-40C9-AF46-10B5EF2E9AE9}.Debug|Any CPU.Build.0 = Debug|Any CPU
		{537038CC-AE63-40C9-AF46-10B5EF2E9AE9}.Release|Any CPU.ActiveCfg = Release|Any CPU
		{537038CC-AE63-40C9-AF46-10B5EF2E9AE9}.Release|Any CPU.Build.0 = Release|Any CPU
	EndGlobalSection
	GlobalSection(SolutionProperties) = preSolution
		HideSolutionNode = FALSE
	EndGlobalSection
	GlobalSection(ExtensibilityGlobals) = postSolution
		SolutionGuid = {94EE01C5-59F4-487D-99D1-A68BDDDC47AF}
	EndGlobalSection
EndGlobal
